
Microsoft Visual Studio Solution File, Format Version 12.00
# Visual Studio Version 16
VisualStudioVersion = 16.0.30002.166
MinimumVisualStudioVersion = 10.0.40219.1
Project("{2150E333-8FDC-42A3-9474-1A3956D46DE8}") = "src", "src", "{89B65733-2085-499E-82AD-54BD974BDC38}"
EndProject
Project("{2150E333-8FDC-42A3-9474-1A3956D46DE8}") = "1 - API", "1 - API", "{13BE5B10-0DA0-4BAA-92AE-0AAB69899A8B}"
EndProject
Project("{2150E333-8FDC-42A3-9474-1A3956D46DE8}") = "2 - Application", "2 - Application", "{5D2584BC-E8B4-48B6-847C-E1E6291BE74D}"
EndProject
Project("{2150E333-8FDC-42A3-9474-1A3956D46DE8}") = "3 - Domain", "3 - Domain", "{F520EC66-C7E9-408C-B496-95F6766CD994}"
EndProject
Project("{2150E333-8FDC-42A3-9474-1A3956D46DE8}") = "4 - Infra", "4 - Infra", "{2594C0AD-D7D5-4D9B-8CFF-FF32D1701A8C}"
EndProject
Project("{9A19103F-16F7-4668-BE54-9A1E7A4F7556}") = "ES.Domain", "src\ES.Domain\ES.Domain.csproj", "{D01C423B-FF58-427F-B950-83B255B93377}"
EndProject
Project("{9A19103F-16F7-4668-BE54-9A1E7A4F7556}") = "ES.API", "src\ES.API\ES.API.csproj", "{374C4A0C-DA60-43C4-A775-D38737AB5118}"
EndProject
Project("{9A19103F-16F7-4668-BE54-9A1E7A4F7556}") = "ES.Application", "src\ES.Application\ES.Application.csproj", "{182F3953-C256-4764-ADE1-E099065F1CE4}"
EndProject
Project("{E53339B2-1760-4266-BCC7-CA923CBCF16C}") = "docker-compose", "docker-compose.dcproj", "{1F370E36-24DA-495A-975A-2A135EBC774A}"
EndProject
Project("{9A19103F-16F7-4668-BE54-9A1E7A4F7556}") = "ES.Infra", "src\ES.Infra\ES.Infra.csproj", "{B8C5419D-5BE1-4DFF-A2B8-ECC6C0B06318}"
EndProject
Global
	GlobalSection(SolutionConfigurationPlatforms) = preSolution
		Debug|Any CPU = Debug|Any CPU
		Release|Any CPU = Release|Any CPU
	EndGlobalSection
	GlobalSection(ProjectConfigurationPlatforms) = postSolution
		{D01C423B-FF58-427F-B950-83B255B93377}.Debug|Any CPU.ActiveCfg = Debug|Any CPU
		{D01C423B-FF58-427F-B950-83B255B93377}.Debug|Any CPU.Build.0 = Debug|Any CPU
		{D01C423B-FF58-427F-B950-83B255B93377}.Release|Any CPU.ActiveCfg = Release|Any CPU
		{D01C423B-FF58-427F-B950-83B255B93377}.Release|Any CPU.Build.0 = Release|Any CPU
		{374C4A0C-DA60-43C4-A775-D38737AB5118}.Debug|Any CPU.ActiveCfg = Debug|Any CPU
		{374C4A0C-DA60-43C4-A775-D38737AB5118}.Debug|Any CPU.Build.0 = Debug|Any CPU
		{374C4A0C-DA60-43C4-A775-D38737AB5118}.Release|Any CPU.ActiveCfg = Release|Any CPU
		{374C4A0C-DA60-43C4-A775-D38737AB5118}.Release|Any CPU.Build.0 = Release|Any CPU
		{182F3953-C256-4764-ADE1-E099065F1CE4}.Debug|Any CPU.ActiveCfg = Debug|Any CPU
		{182F3953-C256-4764-ADE1-E099065F1CE4}.Debug|Any CPU.Build.0 = Debug|Any CPU
		{182F3953-C256-4764-ADE1-E099065F1CE4}.Release|Any CPU.ActiveCfg = Release|Any CPU
		{182F3953-C256-4764-ADE1-E099065F1CE4}.Release|Any CPU.Build.0 = Release|Any CPU
		{1F370E36-24DA-495A-975A-2A135EBC774A}.Debug|Any CPU.ActiveCfg = Debug|Any CPU
		{1F370E36-24DA-495A-975A-2A135EBC774A}.Debug|Any CPU.Build.0 = Debug|Any CPU
		{1F370E36-24DA-495A-975A-2A135EBC774A}.Release|Any CPU.ActiveCfg = Release|Any CPU
		{1F370E36-24DA-495A-975A-2A135EBC774A}.Release|Any CPU.Build.0 = Release|Any CPU
		{B8C5419D-5BE1-4DFF-A2B8-ECC6C0B06318}.Debug|Any CPU.ActiveCfg = Debug|Any CPU
		{B8C5419D-5BE1-4DFF-A2B8-ECC6C0B06318}.Debug|Any CPU.Build.0 = Debug|Any CPU
		{B8C5419D-5BE1-4DFF-A2B8-ECC6C0B06318}.Release|Any CPU.ActiveCfg = Release|Any CPU
		{B8C5419D-5BE1-4DFF-A2B8-ECC6C0B06318}.Release|Any CPU.Build.0 = Release|Any CPU
	EndGlobalSection
	GlobalSection(SolutionProperties) = preSolution
		HideSolutionNode = FALSE
	EndGlobalSection
	GlobalSection(NestedProjects) = preSolution
		{13BE5B10-0DA0-4BAA-92AE-0AAB69899A8B} = {89B65733-2085-499E-82AD-54BD974BDC38}
		{5D2584BC-E8B4-48B6-847C-E1E6291BE74D} = {89B65733-2085-499E-82AD-54BD974BDC38}
		{F520EC66-C7E9-408C-B496-95F6766CD994} = {89B65733-2085-499E-82AD-54BD974BDC38}
		{2594C0AD-D7D5-4D9B-8CFF-FF32D1701A8C} = {89B65733-2085-499E-82AD-54BD974BDC38}
		{D01C423B-FF58-427F-B950-83B255B93377} = {F520EC66-C7E9-408C-B496-95F6766CD994}
		{374C4A0C-DA60-43C4-A775-D38737AB5118} = {13BE5B10-0DA0-4BAA-92AE-0AAB69899A8B}
		{182F3953-C256-4764-ADE1-E099065F1CE4} = {5D2584BC-E8B4-48B6-847C-E1E6291BE74D}
		{B8C5419D-5BE1-4DFF-A2B8-ECC6C0B06318} = {2594C0AD-D7D5-4D9B-8CFF-FF32D1701A8C}
	EndGlobalSection
	GlobalSection(ExtensibilityGlobals) = postSolution
		SolutionGuid = {485953BB-099A-4338-8C00-0A7BA058244E}
	EndGlobalSection
EndGlobal
